
Microsoft Visual Studio Solution File, Format Version 12.00
# Visual Studio 15
VisualStudioVersion = 15.0.27130.2036
MinimumVisualStudioVersion = 10.0.40219.1
Project("{FAE04EC0-301F-11D3-BF4B-00C04F79EFBC}") = "1819_test1_opgaveoefening", "1819_test1_opgaveoefening\1819_test1_opgaveoefening.csproj", "{5868E7A0-761A-4B15-A097-4853BF7AA152}"
EndProject
Global
	GlobalSection(SolutionConfigurationPlatforms) = preSolution
		Debug|Any CPU = Debug|Any CPU
		Release|Any CPU = Release|Any CPU
	EndGlobalSection
	GlobalSection(ProjectConfigurationPlatforms) = postSolution
		{5868E7A0-761A-4B15-A097-4853BF7AA152}.Debug|Any CPU.ActiveCfg = Debug|Any CPU
		{5868E7A0-761A-4B15-A097-4853BF7AA152}.Debug|Any CPU.Build.0 = Debug|Any CPU
		{5868E7A0-761A-4B15-A097-4853BF7AA152}.Release|Any CPU.ActiveCfg = Release|Any CPU
		{5868E7A0-761A-4B15-A097-4853BF7AA152}.Release|Any CPU.Build.0 = Release|Any CPU
	EndGlobalSection
	GlobalSection(SolutionProperties) = preSolution
		HideSolutionNode = FALSE
	EndGlobalSection
	GlobalSection(ExtensibilityGlobals) = postSolution
		SolutionGuid = {DA487BB1-FEA5-4557-AD42-7AD9D6EEF947}
	EndGlobalSection
EndGlobal
